<?xml version="1.0" encoding="utf-8"?>
<Project ToolsVersion="4.0" xmlns="http://schemas.microsoft.com/developer/msbuild/2003">
  <ItemGroup>
    <ClCompile Include="Main.cpp" />
    <ClCompile Include="stdafx.cpp" />
    <ClCompile Include="VertexLineColorDemo.cpp">
      <Filter>Vrertex</Filter>
    </ClCompile>
    <ClCompile Include="VertexLineDemo.cpp">
      <Filter>Vrertex</Filter>
    </ClCompile>
    <ClCompile Include="VertexTopologyDemo.cpp">
      <Filter>Vrertex</Filter>
    </ClCompile>
    <ClCompile Include="TriangleDemo.cpp">
      <Filter>Section</Filter>
    </ClCompile>
    <ClCompile Include="RectDemo.cpp">
      <Filter>Section</Filter>
    </ClCompile>
    <ClCompile Include="WorldDemo.cpp">
      <Filter>World</Filter>
    </ClCompile>
    <ClCompile Include="GridDemo.cpp">
      <Filter>Section</Filter>
    </ClCompile>
    <ClCompile Include="CubeDemo.cpp">
      <Filter>Section</Filter>
    </ClCompile>
    <ClCompile Include="TextureDemo.cpp">
      <Filter>Texture</Filter>
    </ClCompile>
    <ClCompile Include="SamplerStateDemo.cpp">
      <Filter>Texture</Filter>
    </ClCompile>
    <ClCompile Include="TerrainDemo.cpp">
      <Filter>Environment</Filter>
    </ClCompile>
    <ClCompile Include="MeshDemo.cpp">
      <Filter>Meshes</Filter>
    </ClCompile>
    <ClCompile Include="CubeMapDemo.cpp">
      <Filter>Meshes</Filter>
    </ClCompile>
  </ItemGroup>
  <ItemGroup>
    <ClInclude Include="Main.h" />
    <ClInclude Include="stdafx.h" />
    <ClInclude Include="VertexLineColorDemo.h">
      <Filter>Vrertex</Filter>
    </ClInclude>
    <ClInclude Include="VertexLineDemo.h">
      <Filter>Vrertex</Filter>
    </ClInclude>
    <ClInclude Include="VertexTopologyDemo.h">
      <Filter>Vrertex</Filter>
    </ClInclude>
    <ClInclude Include="TriangleDemo.h">
      <Filter>Section</Filter>
    </ClInclude>
    <ClInclude Include="RectDemo.h">
      <Filter>Section</Filter>
    </ClInclude>
    <ClInclude Include="WorldDemo.h">
      <Filter>World</Filter>
    </ClInclude>
    <ClInclude Include="GridDemo.h">
      <Filter>Section</Filter>
    </ClInclude>
    <ClInclude Include="CubeDemo.h">
      <Filter>Section</Filter>
    </ClInclude>
    <ClInclude Include="TextureDemo.h">
      <Filter>Texture</Filter>
    </ClInclude>
    <ClInclude Include="SamplerStateDemo.h">
      <Filter>Texture</Filter>
    </ClInclude>
    <ClInclude Include="TerrainDemo.h">
      <Filter>Environment</Filter>
    </ClInclude>
    <ClInclude Include="MeshDemo.h">
      <Filter>Meshes</Filter>
    </ClInclude>
    <ClInclude Include="CubeMapDemo.h">
      <Filter>Meshes</Filter>
    </ClInclude>
  </ItemGroup>
  <ItemGroup>
    <Filter Include="Vrertex">
      <UniqueIdentifier>{dcbf1656-428f-4d1c-91a0-5341b7891e9b}</UniqueIdentifier>
    </Filter>
    <Filter Include="Section">
      <UniqueIdentifier>{383cba42-d4d5-4ddf-9713-eec0be0c2214}</UniqueIdentifier>
    </Filter>
    <Filter Include="World">
      <UniqueIdentifier>{6a949059-b36a-453b-9060-2a311b7fe77c}</UniqueIdentifier>
    </Filter>
    <Filter Include="Texture">
      <UniqueIdentifier>{adee8c8b-3678-4964-a854-1c001b48ea77}</UniqueIdentifier>
    </Filter>
    <Filter Include="Environment">
      <UniqueIdentifier>{12cbb54a-b405-438e-acc6-e5d19ec3aa26}</UniqueIdentifier>
    </Filter>
    <Filter Include="Meshes">
      <UniqueIdentifier>{2fb8b96d-4d0b-4792-9d9a-ebd00c3cd2b7}</UniqueIdentifier>
    </Filter>
  </ItemGroup>
</Project>